
Microsoft Visual Studio Solution File, Format Version 12.00
# Visual Studio 15
VisualStudioVersion = 15.0.27130.2026
MinimumVisualStudioVersion = 10.0.40219.1
Project("{8BC9CEB8-8B4A-11D0-8D11-00A0C91BC942}") = "MyBatteryPoweredSensor", "BatteryPoweredSensor.vcxproj", "{020367CB-D606-4C70-BA2C-D881F4E94AD3}"
EndProject
Project("{8BC9CEB8-8B4A-11D0-8D11-00A0C91BC942}") = "Multiple", "..\..\My Examples\Multiple\Multiple.vcxproj", "{C5F80730-F44F-4478-BDAE-6634EFC2CA88}"
EndProject
Project("{8BC9CEB8-8B4A-11D0-8D11-00A0C91BC942}") = "Multibus_simple", "..\..\My Examples\Multibus_simple\Multibus_simple.vcxproj", "{F262A442-E745-4E2A-B478-94B9972204DB}"
EndProject
Project("{8BC9CEB8-8B4A-11D0-8D11-00A0C91BC942}") = "eeprom_clear", "..\..\My Examples\eeprom_clear\eeprom_clear.vcxproj", "{494B374A-1380-4502-9C88-26462DEAFB55}"
EndProject
Global
	GlobalSection(SolutionConfigurationPlatforms) = preSolution
		Debug|x86 = Debug|x86
		Release|x86 = Release|x86
	EndGlobalSection
	GlobalSection(ProjectConfigurationPlatforms) = postSolution
		{020367CB-D606-4C70-BA2C-D881F4E94AD3}.Debug|x86.ActiveCfg = Debug|Win32
		{020367CB-D606-4C70-BA2C-D881F4E94AD3}.Debug|x86.Build.0 = Debug|Win32
		{020367CB-D606-4C70-BA2C-D881F4E94AD3}.Release|x86.ActiveCfg = Release|Win32
		{020367CB-D606-4C70-BA2C-D881F4E94AD3}.Release|x86.Build.0 = Release|Win32
		{C5F80730-F44F-4478-BDAE-6634EFC2CA88}.Debug|x86.ActiveCfg = Debug|Win32
		{C5F80730-F44F-4478-BDAE-6634EFC2CA88}.Debug|x86.Build.0 = Debug|Win32
		{C5F80730-F44F-4478-BDAE-6634EFC2CA88}.Release|x86.ActiveCfg = Release|Win32
		{C5F80730-F44F-4478-BDAE-6634EFC2CA88}.Release|x86.Build.0 = Release|Win32
		{F262A442-E745-4E2A-B478-94B9972204DB}.Debug|x86.ActiveCfg = Debug|Win32
		{F262A442-E745-4E2A-B478-94B9972204DB}.Debug|x86.Build.0 = Debug|Win32
		{F262A442-E745-4E2A-B478-94B9972204DB}.Release|x86.ActiveCfg = Release|Win32
		{F262A442-E745-4E2A-B478-94B9972204DB}.Release|x86.Build.0 = Release|Win32
		{494B374A-1380-4502-9C88-26462DEAFB55}.Debug|x86.ActiveCfg = Debug|Win32
		{494B374A-1380-4502-9C88-26462DEAFB55}.Debug|x86.Build.0 = Debug|Win32
		{494B374A-1380-4502-9C88-26462DEAFB55}.Release|x86.ActiveCfg = Release|Win32
		{494B374A-1380-4502-9C88-26462DEAFB55}.Release|x86.Build.0 = Release|Win32
	EndGlobalSection
	GlobalSection(SolutionProperties) = preSolution
		HideSolutionNode = FALSE
	EndGlobalSection
	GlobalSection(ExtensibilityGlobals) = postSolution
		SolutionGuid = {2DD09388-7828-4CA8-AD21-C89A876645EF}
	EndGlobalSection
EndGlobal
